<?xml version="1.0" encoding="utf-8"?>
<Project ToolsVersion="4.0" xmlns="http://schemas.microsoft.com/developer/msbuild/2003">
  <ItemGroup>
    <Filter Include="lua-module">
      <UniqueIdentifier>{0d2f9a1a-2b70-427b-81c3-14bb1cf883aa}</UniqueIdentifier>
    </Filter>
    <Filter Include="lua-module\lfs">
      <UniqueIdentifier>{d3e8fa34-0764-4227-be68-3d9309d73433}</UniqueIdentifier>
    </Filter>
    <Filter Include="dependencies">
      <UniqueIdentifier>{4890595f-2e6b-48c4-873e-040125de302d}</UniqueIdentifier>
    </Filter>
    <Filter Include="dependencies\mongoose">
      <UniqueIdentifier>{93995380-89BD-4b04-88EB-625FBE52EBFB}</UniqueIdentifier>
      <Extensions>h;hh;hpp;hxx;hm;inl;inc;xsd</Extensions>
    </Filter>
    <Filter Include="dependencies\lua">
      <UniqueIdentifier>{c5418100-8380-4a0d-b6ee-9f8f41f64c4e}</UniqueIdentifier>
    </Filter>
    <Filter Include="dependencies\tolua">
      <UniqueIdentifier>{b7b9f66b-6cb2-49a5-9e60-f02069fb36e3}</UniqueIdentifier>
    </Filter>
    <Filter Include="dependencies\tolua\lib">
      <UniqueIdentifier>{5b9da50a-ae90-48ff-8fda-00c2f296e4b1}</UniqueIdentifier>
    </Filter>
    <Filter Include="dependencies\tolua\include">
      <UniqueIdentifier>{fd717a56-d898-4fb9-bc74-86b451b29299}</UniqueIdentifier>
    </Filter>
    <Filter Include="include">
      <UniqueIdentifier>{f6e833ab-afb1-4ae1-abd1-f762c62dc0f1}</UniqueIdentifier>
    </Filter>
    <Filter Include="include\utilities">
      <UniqueIdentifier>{77cd6482-fc02-4aac-aab1-31757c6cf0cd}</UniqueIdentifier>
    </Filter>
    <Filter Include="test">
      <UniqueIdentifier>{18f574b6-562a-4093-a1f6-520b320e83d5}</UniqueIdentifier>
    </Filter>
    <Filter Include="src">
      <UniqueIdentifier>{284e611e-c090-449a-9bf0-5a9848fd4184}</UniqueIdentifier>
    </Filter>
    <Filter Include="src\utilities">
      <UniqueIdentifier>{21238654-fb52-4f2a-89fe-4a679656f433}</UniqueIdentifier>
    </Filter>
  </ItemGroup>
  <ItemGroup>
    <ClInclude Include="include\webServer.h">
      <Filter>include</Filter>
    </ClInclude>
    <ClInclude Include="include\utilities\tolua_fix.h">
      <Filter>include\utilities</Filter>
    </ClInclude>
    <ClInclude Include="include\utilities\tools.h">
      <Filter>include\utilities</Filter>
    </ClInclude>
    <ClInclude Include="include\utilities\log.h">
      <Filter>include\utilities</Filter>
    </ClInclude>
    <ClInclude Include="src\lua-module\lfs\lfs.h">
      <Filter>lua-module\lfs</Filter>
    </ClInclude>
    <ClInclude Include="src\lua-module\LuaInlayCode.h">
      <Filter>lua-module</Filter>
    </ClInclude>
    <ClInclude Include="src\lua-module\web_tolua.h">
      <Filter>lua-module</Filter>
    </ClInclude>
    <ClInclude Include="..\dependencies\lua\src\lcode.h">
      <Filter>dependencies\lua</Filter>
    </ClInclude>
    <ClInclude Include="..\dependencies\lua\src\ldebug.h">
      <Filter>dependencies\lua</Filter>
    </ClInclude>
    <ClInclude Include="..\dependencies\lua\src\ldo.h">
      <Filter>dependencies\lua</Filter>
    </ClInclude>
    <ClInclude Include="..\dependencies\lua\src\lfunc.h">
      <Filter>dependencies\lua</Filter>
    </ClInclude>
    <ClInclude Include="..\dependencies\lua\src\lgc.h">
      <Filter>dependencies\lua</Filter>
    </ClInclude>
    <ClInclude Include="..\dependencies\lua\src\llex.h">
      <Filter>dependencies\lua</Filter>
    </ClInclude>
    <ClInclude Include="..\dependencies\lua\src\llimits.h">
      <Filter>dependencies\lua</Filter>
    </ClInclude>
    <ClInclude Include="..\dependencies\lua\src\lmem.h">
      <Filter>dependencies\lua</Filter>
    </ClInclude>
    <ClInclude Include="..\dependencies\lua\src\lobject.h">
      <Filter>dependencies\lua</Filter>
    </ClInclude>
    <ClInclude Include="..\dependencies\lua\src\lopcodes.h">
      <Filter>dependencies\lua</Filter>
    </ClInclude>
    <ClInclude Include="..\dependencies\lua\src\lparser.h">
      <Filter>dependencies\lua</Filter>
    </ClInclude>
    <ClInclude Include="..\dependencies\lua\src\lstate.h">
      <Filter>dependencies\lua</Filter>
    </ClInclude>
    <ClInclude Include="..\dependencies\lua\src\lstring.h">
      <Filter>dependencies\lua</Filter>
    </ClInclude>
    <ClInclude Include="..\dependencies\lua\src\ltable.h">
      <Filter>dependencies\lua</Filter>
    </ClInclude>
    <ClInclude Include="..\dependencies\lua\src\ltm.h">
      <Filter>dependencies\lua</Filter>
    </ClInclude>
    <ClInclude Include="..\dependencies\lua\src\lua.h">
      <Filter>dependencies\lua</Filter>
    </ClInclude>
    <ClInclude Include="..\dependencies\lua\src\lua.hpp">
      <Filter>dependencies\lua</Filter>
    </ClInclude>
    <ClInclude Include="..\dependencies\lua\src\luaconf.h">
      <Filter>dependencies\lua</Filter>
    </ClInclude>
    <ClInclude Include="..\dependencies\lua\src\lualib.h">
      <Filter>dependencies\lua</Filter>
    </ClInclude>
    <ClInclude Include="..\dependencies\lua\src\lundump.h">
      <Filter>dependencies\lua</Filter>
    </ClInclude>
    <ClInclude Include="..\dependencies\lua\src\lvm.h">
      <Filter>dependencies\lua</Filter>
    </ClInclude>
    <ClInclude Include="..\dependencies\lua\src\lzio.h">
      <Filter>dependencies\lua</Filter>
    </ClInclude>
    <ClInclude Include="..\dependencies\lua\src\lapi.h">
      <Filter>dependencies\lua</Filter>
    </ClInclude>
    <ClInclude Include="..\dependencies\lua\src\lauxlib.h">
      <Filter>dependencies\lua</Filter>
    </ClInclude>
    <ClInclude Include="..\dependencies\mongoose\mongoose.h">
      <Filter>dependencies\mongoose</Filter>
    </ClInclude>
    <ClInclude Include="..\dependencies\tolua++\include\tolua++.h">
      <Filter>dependencies\tolua\include</Filter>
    </ClInclude>
    <ClInclude Include="..\dependencies\tolua++\lib\tolua_event.h">
      <Filter>dependencies\tolua\lib</Filter>
    </ClInclude>
    <ClInclude Include="include\webServerDef.h">
      <Filter>include</Filter>
    </ClInclude>
    <ClInclude Include="test\linenoise.h">
      <Filter>test</Filter>
    </ClInclude>
    <ClInclude Include="test\cmd.h">
      <Filter>test</Filter>
    </ClInclude>
    <ClInclude Include="include\utilities\LuaFunction.h">
      <Filter>include\utilities</Filter>
    </ClInclude>
  </ItemGroup>
  <ItemGroup>
    <ClCompile Include="src\utilities\tolua_fix.cpp">
      <Filter>src\utilities</Filter>
    </ClCompile>
    <ClCompile Include="src\utilities\tools.cpp">
      <Filter>src\utilities</Filter>
    </ClCompile>
    <ClCompile Include="src\utilities\log.cpp">
      <Filter>src\utilities</Filter>
    </ClCompile>
    <ClCompile Include="src\utilities\LuaFunction.cpp">
      <Filter>src\utilities</Filter>
    </ClCompile>
    <ClCompile Include="src\webServer.cpp">
      <Filter>src</Filter>
    </ClCompile>
    <ClCompile Include="src\lua-module\lfs\lfs.c">
      <Filter>lua-module\lfs</Filter>
    </ClCompile>
    <ClCompile Include="src\lua-module\web_tolua.cpp">
      <Filter>lua-module</Filter>
    </ClCompile>
    <ClCompile Include="src\lua-module\LuaInlayCode.cpp">
      <Filter>lua-module</Filter>
    </ClCompile>
    <ClCompile Include="..\dependencies\lua\src\lcode.c">
      <Filter>dependencies\lua</Filter>
    </ClCompile>
    <ClCompile Include="..\dependencies\lua\src\ldblib.c">
      <Filter>dependencies\lua</Filter>
    </ClCompile>
    <ClCompile Include="..\dependencies\lua\src\ldebug.c">
      <Filter>dependencies\lua</Filter>
    </ClCompile>
    <ClCompile Include="..\dependencies\lua\src\ldo.c">
      <Filter>dependencies\lua</Filter>
    </ClCompile>
    <ClCompile Include="..\dependencies\lua\src\ldump.c">
      <Filter>dependencies\lua</Filter>
    </ClCompile>
    <ClCompile Include="..\dependencies\lua\src\lfunc.c">
      <Filter>dependencies\lua</Filter>
    </ClCompile>
    <ClCompile Include="..\dependencies\lua\src\lgc.c">
      <Filter>dependencies\lua</Filter>
    </ClCompile>
    <ClCompile Include="..\dependencies\lua\src\linit.c">
      <Filter>dependencies\lua</Filter>
    </ClCompile>
    <ClCompile Include="..\dependencies\lua\src\liolib.c">
      <Filter>dependencies\lua</Filter>
    </ClCompile>
    <ClCompile Include="..\dependencies\lua\src\llex.c">
      <Filter>dependencies\lua</Filter>
    </ClCompile>
    <ClCompile Include="..\dependencies\lua\src\lmathlib.c">
      <Filter>dependencies\lua</Filter>
    </ClCompile>
    <ClCompile Include="..\dependencies\lua\src\lmem.c">
      <Filter>dependencies\lua</Filter>
    </ClCompile>
    <ClCompile Include="..\dependencies\lua\src\loadlib.c">
      <Filter>dependencies\lua</Filter>
    </ClCompile>
    <ClCompile Include="..\dependencies\lua\src\lobject.c">
      <Filter>dependencies\lua</Filter>
    </ClCompile>
    <ClCompile Include="..\dependencies\lua\src\lopcodes.c">
      <Filter>dependencies\lua</Filter>
    </ClCompile>
    <ClCompile Include="..\dependencies\lua\src\loslib.c">
      <Filter>dependencies\lua</Filter>
    </ClCompile>
    <ClCompile Include="..\dependencies\lua\src\lparser.c">
      <Filter>dependencies\lua</Filter>
    </ClCompile>
    <ClCompile Include="..\dependencies\lua\src\lstate.c">
      <Filter>dependencies\lua</Filter>
    </ClCompile>
    <ClCompile Include="..\dependencies\lua\src\lstring.c">
      <Filter>dependencies\lua</Filter>
    </ClCompile>
    <ClCompile Include="..\dependencies\lua\src\lstrlib.c">
      <Filter>dependencies\lua</Filter>
    </ClCompile>
    <ClCompile Include="..\dependencies\lua\src\ltable.c">
      <Filter>dependencies\lua</Filter>
    </ClCompile>
    <ClCompile Include="..\dependencies\lua\src\ltablib.c">
      <Filter>dependencies\lua</Filter>
    </ClCompile>
    <ClCompile Include="..\dependencies\lua\src\ltm.c">
      <Filter>dependencies\lua</Filter>
    </ClCompile>
    <ClCompile Include="..\dependencies\lua\src\lundump.c">
      <Filter>dependencies\lua</Filter>
    </ClCompile>
    <ClCompile Include="..\dependencies\lua\src\lvm.c">
      <Filter>dependencies\lua</Filter>
    </ClCompile>
    <ClCompile Include="..\dependencies\lua\src\lzio.c">
      <Filter>dependencies\lua</Filter>
    </ClCompile>
    <ClCompile Include="..\dependencies\lua\src\print.c">
      <Filter>dependencies\lua</Filter>
    </ClCompile>
    <ClCompile Include="..\dependencies\lua\src\lapi.c">
      <Filter>dependencies\lua</Filter>
    </ClCompile>
    <ClCompile Include="..\dependencies\lua\src\lauxlib.c">
      <Filter>dependencies\lua</Filter>
    </ClCompile>
    <ClCompile Include="..\dependencies\lua\src\lbaselib.c">
      <Filter>dependencies\lua</Filter>
    </ClCompile>
    <ClCompile Include="..\dependencies\mongoose\mongoose.c">
      <Filter>dependencies\mongoose</Filter>
    </ClCompile>
    <ClCompile Include="..\dependencies\tolua++\lib\tolua_is.c">
      <Filter>dependencies\tolua\lib</Filter>
    </ClCompile>
    <ClCompile Include="..\dependencies\tolua++\lib\tolua_map.c">
      <Filter>dependencies\tolua\lib</Filter>
    </ClCompile>
    <ClCompile Include="..\dependencies\tolua++\lib\tolua_push.c">
      <Filter>dependencies\tolua\lib</Filter>
    </ClCompile>
    <ClCompile Include="..\dependencies\tolua++\lib\tolua_to.c">
      <Filter>dependencies\tolua\lib</Filter>
    </ClCompile>
    <ClCompile Include="..\dependencies\tolua++\lib\tolua_event.c">
      <Filter>dependencies\tolua\lib</Filter>
    </ClCompile>
    <ClCompile Include="test\main.cpp">
      <Filter>test</Filter>
    </ClCompile>
    <ClCompile Include="test\cmd.cpp">
      <Filter>test</Filter>
    </ClCompile>
  </ItemGroup>
  <ItemGroup>
    <None Include="..\dependencies\lua\src\Makefile">
      <Filter>dependencies\lua</Filter>
    </None>
  </ItemGroup>
</Project>